// !$*UTF8*$!
{
	archiveVersion = 1;
	classes = {
	};
	objectVersion = 52;
	objects = {

/* Begin PBXBuildFile section */
		4920ABAC2624E4090058C133 /* ReSwift in Frameworks */ = {isa = PBXBuildFile; productRef = 4920ABAB2624E4090058C133 /* ReSwift */; };
		4920ABB22624E44A0058C133 /* ReSwiftThunk in Frameworks */ = {isa = PBXBuildFile; productRef = 4920ABB12624E44A0058C133 /* ReSwiftThunk */; };
		4920ABBA2624F1B70058C133 /* Publisher+mapToResult.swift in Sources */ = {isa = PBXBuildFile; fileRef = 4920ABB92624F1B70058C133 /* Publisher+mapToResult.swift */; };
		4920ABC22624FB760058C133 /* ViewStore.swift in Sources */ = {isa = PBXBuildFile; fileRef = 4920ABC12624FB760058C133 /* ViewStore.swift */; };
		49595A8E25C31DEB00351445 /* ViewOrchestratorState.swift in Sources */ = {isa = PBXBuildFile; fileRef = 49595A8D25C31DEB00351445 /* ViewOrchestratorState.swift */; };
		49595AA425C3250400351445 /* ViewOrchestrator.swift in Sources */ = {isa = PBXBuildFile; fileRef = 49595AA325C3250400351445 /* ViewOrchestrator.swift */; };
		49595AB825C340C400351445 /* ComposableArchitecture in Frameworks */ = {isa = PBXBuildFile; productRef = 49595AB725C340C400351445 /* ComposableArchitecture */; };
		49595AC325C3428600351445 /* SatelliteListAction.swift in Sources */ = {isa = PBXBuildFile; fileRef = 49595AC225C3428600351445 /* SatelliteListAction.swift */; };
		49595ACB25C342D500351445 /* SatelliteDetailAction.swift in Sources */ = {isa = PBXBuildFile; fileRef = 49595ACA25C342D500351445 /* SatelliteDetailAction.swift */; };
		49595AD325C3434E00351445 /* SatelliteListReducer.swift in Sources */ = {isa = PBXBuildFile; fileRef = 49595AD225C3434E00351445 /* SatelliteListReducer.swift */; };
		49595AD825C3441E00351445 /* APIServiceReducer.swift in Sources */ = {isa = PBXBuildFile; fileRef = 49595AD725C3441E00351445 /* APIServiceReducer.swift */; };
		49595AE025C3481500351445 /* ViewOrchestratorAction.swift in Sources */ = {isa = PBXBuildFile; fileRef = 49595ADF25C3481500351445 /* ViewOrchestratorAction.swift */; };
		49595AE525C3489200351445 /* ViewPhase.swift in Sources */ = {isa = PBXBuildFile; fileRef = 49595AE425C3489200351445 /* ViewPhase.swift */; };
		49595AED25C358D500351445 /* AppReducer.swift in Sources */ = {isa = PBXBuildFile; fileRef = 49595AEC25C358D500351445 /* AppReducer.swift */; };
		49595AF725C3633000351445 /* ViewOrchestratorReducer.swift in Sources */ = {isa = PBXBuildFile; fileRef = 49595AF625C3633000351445 /* ViewOrchestratorReducer.swift */; };
		49595B0E25C37A6400351445 /* BackgroundView.swift in Sources */ = {isa = PBXBuildFile; fileRef = 49595B0D25C37A6400351445 /* BackgroundView.swift */; };
		49595B1425C3866600351445 /* StarProvider.swift in Sources */ = {isa = PBXBuildFile; fileRef = 49595B1325C3866600351445 /* StarProvider.swift */; };
		49595B1C25C3A45100351445 /* Earth.swift in Sources */ = {isa = PBXBuildFile; fileRef = 49595B1B25C3A45100351445 /* Earth.swift */; };
		49595B2C25C3C64E00351445 /* ColorBlended.swift in Sources */ = {isa = PBXBuildFile; fileRef = 49595B2B25C3C64E00351445 /* ColorBlended.swift */; };
		49E6089125C1C8F9002F442B /* SatelliteApp.swift in Sources */ = {isa = PBXBuildFile; fileRef = 49E6089025C1C8F9002F442B /* SatelliteApp.swift */; };
		49E6089525C1C8FA002F442B /* Assets.xcassets in Resources */ = {isa = PBXBuildFile; fileRef = 49E6089425C1C8FA002F442B /* Assets.xcassets */; };
		49E6089825C1C8FA002F442B /* Preview Assets.xcassets in Resources */ = {isa = PBXBuildFile; fileRef = 49E6089725C1C8FA002F442B /* Preview Assets.xcassets */; };
		49E608A325C1C8FA002F442B /* SatelliteTests.swift in Sources */ = {isa = PBXBuildFile; fileRef = 49E608A225C1C8FA002F442B /* SatelliteTests.swift */; };
		49E608AE25C1C8FA002F442B /* SatelliteUITests.swift in Sources */ = {isa = PBXBuildFile; fileRef = 49E608AD25C1C8FA002F442B /* SatelliteUITests.swift */; };
		49E608C025C1C92E002F442B /* TwoLineElementSet.swift in Sources */ = {isa = PBXBuildFile; fileRef = 49E608BF25C1C92E002F442B /* TwoLineElementSet.swift */; };
		49E608C825C1C94B002F442B /* APIService.swift in Sources */ = {isa = PBXBuildFile; fileRef = 49E608C725C1C94B002F442B /* APIService.swift */; };
		49E608CD25C1C97D002F442B /* Satellite.swift in Sources */ = {isa = PBXBuildFile; fileRef = 49E608CC25C1C97D002F442B /* Satellite.swift */; };
		49E608EB25C22DCA002F442B /* APIServiceAction.swift in Sources */ = {isa = PBXBuildFile; fileRef = 49E608EA25C22DCA002F442B /* APIServiceAction.swift */; };
		49E608F025C23054002F442B /* SatelliteListState.swift in Sources */ = {isa = PBXBuildFile; fileRef = 49E608EF25C23054002F442B /* SatelliteListState.swift */; };
		49E608F525C23269002F442B /* SatelliteDetailState.swift in Sources */ = {isa = PBXBuildFile; fileRef = 49E608F425C23269002F442B /* SatelliteDetailState.swift */; };
		49FA6CE625C1F37300DC2BA2 /* APIServiceTests.swift in Sources */ = {isa = PBXBuildFile; fileRef = 49FA6CE525C1F37300DC2BA2 /* APIServiceTests.swift */; };
		49FA6CEF25C1F40D00DC2BA2 /* AppEnvironment.swift in Sources */ = {isa = PBXBuildFile; fileRef = 49FA6CEE25C1F40D00DC2BA2 /* AppEnvironment.swift */; };
		49FA6CF425C1F44A00DC2BA2 /* APIServiceClient.swift in Sources */ = {isa = PBXBuildFile; fileRef = 49FA6CF325C1F44A00DC2BA2 /* APIServiceClient.swift */; };
		49FA6D0225C201A000DC2BA2 /* AppState.swift in Sources */ = {isa = PBXBuildFile; fileRef = 49FA6D0125C201A000DC2BA2 /* AppState.swift */; };
		49FA6D0725C2022C00DC2BA2 /* AppAction.swift in Sources */ = {isa = PBXBuildFile; fileRef = 49FA6D0625C2022C00DC2BA2 /* AppAction.swift */; };
		49FA6D0C25C2029E00DC2BA2 /* AppView.swift in Sources */ = {isa = PBXBuildFile; fileRef = 49FA6D0B25C2029E00DC2BA2 /* AppView.swift */; };
		49FA6D1425C202EF00DC2BA2 /* SatelliteListView.swift in Sources */ = {isa = PBXBuildFile; fileRef = 49FA6D1325C202EF00DC2BA2 /* SatelliteListView.swift */; };
		49FA6D2025C205F900DC2BA2 /* SatelliteDetailView.swift in Sources */ = {isa = PBXBuildFile; fileRef = 49FA6D1F25C205F900DC2BA2 /* SatelliteDetailView.swift */; };
		49FA6D2525C2074B00DC2BA2 /* APIServiceState.swift in Sources */ = {isa = PBXBuildFile; fileRef = 49FA6D2425C2074B00DC2BA2 /* APIServiceState.swift */; };
/* End PBXBuildFile section */

/* Begin PBXContainerItemProxy section */
		49E6089F25C1C8FA002F442B /* PBXContainerItemProxy */ = {
			isa = PBXContainerItemProxy;
			containerPortal = 49E6088525C1C8F9002F442B /* Project object */;
			proxyType = 1;
			remoteGlobalIDString = 49E6088C25C1C8F9002F442B;
			remoteInfo = Satellite;
		};
		49E608AA25C1C8FA002F442B /* PBXContainerItemProxy */ = {
			isa = PBXContainerItemProxy;
			containerPortal = 49E6088525C1C8F9002F442B /* Project object */;
			proxyType = 1;
			remoteGlobalIDString = 49E6088C25C1C8F9002F442B;
			remoteInfo = Satellite;
		};
/* End PBXContainerItemProxy section */

/* Begin PBXFileReference section */
		4920ABB92624F1B70058C133 /* Publisher+mapToResult.swift */ = {isa = PBXFileReference; lastKnownFileType = sourcecode.swift; path = "Publisher+mapToResult.swift"; sourceTree = "<group>"; };
		4920ABC12624FB760058C133 /* ViewStore.swift */ = {isa = PBXFileReference; lastKnownFileType = sourcecode.swift; path = ViewStore.swift; sourceTree = "<group>"; };
		49595A8D25C31DEB00351445 /* ViewOrchestratorState.swift */ = {isa = PBXFileReference; lastKnownFileType = sourcecode.swift; path = ViewOrchestratorState.swift; sourceTree = "<group>"; };
		49595AA325C3250400351445 /* ViewOrchestrator.swift */ = {isa = PBXFileReference; lastKnownFileType = sourcecode.swift; path = ViewOrchestrator.swift; sourceTree = "<group>"; };
		49595AC225C3428600351445 /* SatelliteListAction.swift */ = {isa = PBXFileReference; lastKnownFileType = sourcecode.swift; path = SatelliteListAction.swift; sourceTree = "<group>"; };
		49595ACA25C342D500351445 /* SatelliteDetailAction.swift */ = {isa = PBXFileReference; lastKnownFileType = sourcecode.swift; path = SatelliteDetailAction.swift; sourceTree = "<group>"; };
		49595AD225C3434E00351445 /* SatelliteListReducer.swift */ = {isa = PBXFileReference; lastKnownFileType = sourcecode.swift; path = SatelliteListReducer.swift; sourceTree = "<group>"; };
		49595AD725C3441E00351445 /* APIServiceReducer.swift */ = {isa = PBXFileReference; lastKnownFileType = sourcecode.swift; path = APIServiceReducer.swift; sourceTree = "<group>"; };
		49595ADF25C3481500351445 /* ViewOrchestratorAction.swift */ = {isa = PBXFileReference; lastKnownFileType = sourcecode.swift; path = ViewOrchestratorAction.swift; sourceTree = "<group>"; };
		49595AE425C3489200351445 /* ViewPhase.swift */ = {isa = PBXFileReference; lastKnownFileType = sourcecode.swift; path = ViewPhase.swift; sourceTree = "<group>"; };
		49595AEC25C358D500351445 /* AppReducer.swift */ = {isa = PBXFileReference; lastKnownFileType = sourcecode.swift; path = AppReducer.swift; sourceTree = "<group>"; };
		49595AF625C3633000351445 /* ViewOrchestratorReducer.swift */ = {isa = PBXFileReference; lastKnownFileType = sourcecode.swift; path = ViewOrchestratorReducer.swift; sourceTree = "<group>"; };
		49595B0D25C37A6400351445 /* BackgroundView.swift */ = {isa = PBXFileReference; lastKnownFileType = sourcecode.swift; path = BackgroundView.swift; sourceTree = "<group>"; };
		49595B1325C3866600351445 /* StarProvider.swift */ = {isa = PBXFileReference; lastKnownFileType = sourcecode.swift; path = StarProvider.swift; sourceTree = "<group>"; };
		49595B1B25C3A45100351445 /* Earth.swift */ = {isa = PBXFileReference; lastKnownFileType = sourcecode.swift; path = Earth.swift; sourceTree = "<group>"; };
		49595B2B25C3C64E00351445 /* ColorBlended.swift */ = {isa = PBXFileReference; lastKnownFileType = sourcecode.swift; path = ColorBlended.swift; sourceTree = "<group>"; };
		49E6088D25C1C8F9002F442B /* Satellite.app */ = {isa = PBXFileReference; explicitFileType = wrapper.application; includeInIndex = 0; path = Satellite.app; sourceTree = BUILT_PRODUCTS_DIR; };
		49E6089025C1C8F9002F442B /* SatelliteApp.swift */ = {isa = PBXFileReference; lastKnownFileType = sourcecode.swift; path = SatelliteApp.swift; sourceTree = "<group>"; };
		49E6089425C1C8FA002F442B /* Assets.xcassets */ = {isa = PBXFileReference; lastKnownFileType = folder.assetcatalog; path = Assets.xcassets; sourceTree = "<group>"; };
		49E6089725C1C8FA002F442B /* Preview Assets.xcassets */ = {isa = PBXFileReference; lastKnownFileType = folder.assetcatalog; path = "Preview Assets.xcassets"; sourceTree = "<group>"; };
		49E6089925C1C8FA002F442B /* Info.plist */ = {isa = PBXFileReference; lastKnownFileType = text.plist.xml; path = Info.plist; sourceTree = "<group>"; };
		49E6089E25C1C8FA002F442B /* SatelliteTests.xctest */ = {isa = PBXFileReference; explicitFileType = wrapper.cfbundle; includeInIndex = 0; path = SatelliteTests.xctest; sourceTree = BUILT_PRODUCTS_DIR; };
		49E608A225C1C8FA002F442B /* SatelliteTests.swift */ = {isa = PBXFileReference; lastKnownFileType = sourcecode.swift; path = SatelliteTests.swift; sourceTree = "<group>"; };
		49E608A425C1C8FA002F442B /* Info.plist */ = {isa = PBXFileReference; lastKnownFileType = text.plist.xml; path = Info.plist; sourceTree = "<group>"; };
		49E608A925C1C8FA002F442B /* SatelliteUITests.xctest */ = {isa = PBXFileReference; explicitFileType = wrapper.cfbundle; includeInIndex = 0; path = SatelliteUITests.xctest; sourceTree = BUILT_PRODUCTS_DIR; };
		49E608AD25C1C8FA002F442B /* SatelliteUITests.swift */ = {isa = PBXFileReference; lastKnownFileType = sourcecode.swift; path = SatelliteUITests.swift; sourceTree = "<group>"; };
		49E608AF25C1C8FA002F442B /* Info.plist */ = {isa = PBXFileReference; lastKnownFileType = text.plist.xml; path = Info.plist; sourceTree = "<group>"; };
		49E608BF25C1C92E002F442B /* TwoLineElementSet.swift */ = {isa = PBXFileReference; lastKnownFileType = sourcecode.swift; path = TwoLineElementSet.swift; sourceTree = "<group>"; };
		49E608C725C1C94B002F442B /* APIService.swift */ = {isa = PBXFileReference; lastKnownFileType = sourcecode.swift; path = APIService.swift; sourceTree = "<group>"; };
		49E608CC25C1C97D002F442B /* Satellite.swift */ = {isa = PBXFileReference; lastKnownFileType = sourcecode.swift; path = Satellite.swift; sourceTree = "<group>"; };
		49E608EA25C22DCA002F442B /* APIServiceAction.swift */ = {isa = PBXFileReference; lastKnownFileType = sourcecode.swift; path = APIServiceAction.swift; sourceTree = "<group>"; };
		49E608EF25C23054002F442B /* SatelliteListState.swift */ = {isa = PBXFileReference; lastKnownFileType = sourcecode.swift; path = SatelliteListState.swift; sourceTree = "<group>"; };
		49E608F425C23269002F442B /* SatelliteDetailState.swift */ = {isa = PBXFileReference; lastKnownFileType = sourcecode.swift; path = SatelliteDetailState.swift; sourceTree = "<group>"; };
		49FA6CE525C1F37300DC2BA2 /* APIServiceTests.swift */ = {isa = PBXFileReference; lastKnownFileType = sourcecode.swift; path = APIServiceTests.swift; sourceTree = "<group>"; };
		49FA6CEE25C1F40D00DC2BA2 /* AppEnvironment.swift */ = {isa = PBXFileReference; lastKnownFileType = sourcecode.swift; path = AppEnvironment.swift; sourceTree = "<group>"; };
		49FA6CF325C1F44A00DC2BA2 /* APIServiceClient.swift */ = {isa = PBXFileReference; lastKnownFileType = sourcecode.swift; path = APIServiceClient.swift; sourceTree = "<group>"; };
		49FA6D0125C201A000DC2BA2 /* AppState.swift */ = {isa = PBXFileReference; lastKnownFileType = sourcecode.swift; path = AppState.swift; sourceTree = "<group>"; };
		49FA6D0625C2022C00DC2BA2 /* AppAction.swift */ = {isa = PBXFileReference; lastKnownFileType = sourcecode.swift; path = AppAction.swift; sourceTree = "<group>"; };
		49FA6D0B25C2029E00DC2BA2 /* AppView.swift */ = {isa = PBXFileReference; lastKnownFileType = sourcecode.swift; path = AppView.swift; sourceTree = "<group>"; };
		49FA6D1325C202EF00DC2BA2 /* SatelliteListView.swift */ = {isa = PBXFileReference; lastKnownFileType = sourcecode.swift; path = SatelliteListView.swift; sourceTree = "<group>"; };
		49FA6D1F25C205F900DC2BA2 /* SatelliteDetailView.swift */ = {isa = PBXFileReference; lastKnownFileType = sourcecode.swift; path = SatelliteDetailView.swift; sourceTree = "<group>"; };
		49FA6D2425C2074B00DC2BA2 /* APIServiceState.swift */ = {isa = PBXFileReference; lastKnownFileType = sourcecode.swift; path = APIServiceState.swift; sourceTree = "<group>"; };
/* End PBXFileReference section */

/* Begin PBXFrameworksBuildPhase section */
		49E6088A25C1C8F9002F442B /* Frameworks */ = {
			isa = PBXFrameworksBuildPhase;
			buildActionMask = 2147483647;
			files = (
				49595AB825C340C400351445 /* ComposableArchitecture in Frameworks */,
				4920ABAC2624E4090058C133 /* ReSwift in Frameworks */,
				4920ABB22624E44A0058C133 /* ReSwiftThunk in Frameworks */,
			);
			runOnlyForDeploymentPostprocessing = 0;
		};
		49E6089B25C1C8FA002F442B /* Frameworks */ = {
			isa = PBXFrameworksBuildPhase;
			buildActionMask = 2147483647;
			files = (
			);
			runOnlyForDeploymentPostprocessing = 0;
		};
		49E608A625C1C8FA002F442B /* Frameworks */ = {
			isa = PBXFrameworksBuildPhase;
			buildActionMask = 2147483647;
			files = (
			);
			runOnlyForDeploymentPostprocessing = 0;
		};
/* End PBXFrameworksBuildPhase section */

/* Begin PBXGroup section */
		49595A9225C31F8D00351445 /* ViewOrchestration */ = {
			isa = PBXGroup;
			children = (
				49595A8D25C31DEB00351445 /* ViewOrchestratorState.swift */,
				49595AA325C3250400351445 /* ViewOrchestrator.swift */,
				49595ADF25C3481500351445 /* ViewOrchestratorAction.swift */,
				49595AE425C3489200351445 /* ViewPhase.swift */,
				49595AF625C3633000351445 /* ViewOrchestratorReducer.swift */,
				49595B1B25C3A45100351445 /* Earth.swift */,
				49595B2B25C3C64E00351445 /* ColorBlended.swift */,
			);
			path = ViewOrchestration;
			sourceTree = "<group>";
		};
		49595B1225C3865500351445 /* Util */ = {
			isa = PBXGroup;
			children = (
				49595B1325C3866600351445 /* StarProvider.swift */,
				4920ABB92624F1B70058C133 /* Publisher+mapToResult.swift */,
				4920ABC12624FB760058C133 /* ViewStore.swift */,
			);
			path = Util;
			sourceTree = "<group>";
		};
		49E6088425C1C8F9002F442B = {
			isa = PBXGroup;
			children = (
				49E6088F25C1C8F9002F442B /* Satellite */,
				49E608A125C1C8FA002F442B /* SatelliteTests */,
				49E608AC25C1C8FA002F442B /* SatelliteUITests */,
				49E6088E25C1C8F9002F442B /* Products */,
			);
			sourceTree = "<group>";
		};
		49E6088E25C1C8F9002F442B /* Products */ = {
			isa = PBXGroup;
			children = (
				49E6088D25C1C8F9002F442B /* Satellite.app */,
				49E6089E25C1C8FA002F442B /* SatelliteTests.xctest */,
				49E608A925C1C8FA002F442B /* SatelliteUITests.xctest */,
			);
			name = Products;
			sourceTree = "<group>";
		};
		49E6088F25C1C8F9002F442B /* Satellite */ = {
			isa = PBXGroup;
			children = (
				49595B1225C3865500351445 /* Util */,
				49595A9225C31F8D00351445 /* ViewOrchestration */,
				49FA6D1825C203C200DC2BA2 /* SatelliteDetail */,
				49FA6CF825C2017F00DC2BA2 /* SatelliteList */,
				49FA6CED25C1F3FC00DC2BA2 /* App */,
				49E608BE25C1C90B002F442B /* API */,
				49E6089425C1C8FA002F442B /* Assets.xcassets */,
				49E6089925C1C8FA002F442B /* Info.plist */,
				49E6089625C1C8FA002F442B /* Preview Content */,
			);
			path = Satellite;
			sourceTree = "<group>";
		};
		49E6089625C1C8FA002F442B /* Preview Content */ = {
			isa = PBXGroup;
			children = (
				49E6089725C1C8FA002F442B /* Preview Assets.xcassets */,
			);
			path = "Preview Content";
			sourceTree = "<group>";
		};
		49E608A125C1C8FA002F442B /* SatelliteTests */ = {
			isa = PBXGroup;
			children = (
				49FA6CE425C1F35A00DC2BA2 /* API */,
				49E608A225C1C8FA002F442B /* SatelliteTests.swift */,
				49E608A425C1C8FA002F442B /* Info.plist */,
			);
			path = SatelliteTests;
			sourceTree = "<group>";
		};
		49E608AC25C1C8FA002F442B /* SatelliteUITests */ = {
			isa = PBXGroup;
			children = (
				49E608AD25C1C8FA002F442B /* SatelliteUITests.swift */,
				49E608AF25C1C8FA002F442B /* Info.plist */,
			);
			path = SatelliteUITests;
			sourceTree = "<group>";
		};
		49E608BE25C1C90B002F442B /* API */ = {
			isa = PBXGroup;
			children = (
				49E608BF25C1C92E002F442B /* TwoLineElementSet.swift */,
				49E608C725C1C94B002F442B /* APIService.swift */,
				49FA6CF325C1F44A00DC2BA2 /* APIServiceClient.swift */,
				49FA6D2425C2074B00DC2BA2 /* APIServiceState.swift */,
				49E608EA25C22DCA002F442B /* APIServiceAction.swift */,
				49595AD725C3441E00351445 /* APIServiceReducer.swift */,
			);
			path = API;
			sourceTree = "<group>";
		};
		49FA6CE425C1F35A00DC2BA2 /* API */ = {
			isa = PBXGroup;
			children = (
				49FA6CE525C1F37300DC2BA2 /* APIServiceTests.swift */,
			);
			path = API;
			sourceTree = "<group>";
		};
		49FA6CED25C1F3FC00DC2BA2 /* App */ = {
			isa = PBXGroup;
			children = (
				49FA6CEE25C1F40D00DC2BA2 /* AppEnvironment.swift */,
				49FA6D0125C201A000DC2BA2 /* AppState.swift */,
				49FA6D0625C2022C00DC2BA2 /* AppAction.swift */,
				49FA6D0B25C2029E00DC2BA2 /* AppView.swift */,
				49E6089025C1C8F9002F442B /* SatelliteApp.swift */,
				49595AEC25C358D500351445 /* AppReducer.swift */,
				49595B0D25C37A6400351445 /* BackgroundView.swift */,
			);
			path = App;
			sourceTree = "<group>";
		};
		49FA6CF825C2017F00DC2BA2 /* SatelliteList */ = {
			isa = PBXGroup;
			children = (
				49FA6D1325C202EF00DC2BA2 /* SatelliteListView.swift */,
				49E608EF25C23054002F442B /* SatelliteListState.swift */,
				49595AC225C3428600351445 /* SatelliteListAction.swift */,
				49595AD225C3434E00351445 /* SatelliteListReducer.swift */,
			);
			path = SatelliteList;
			sourceTree = "<group>";
		};
		49FA6D1825C203C200DC2BA2 /* SatelliteDetail */ = {
			isa = PBXGroup;
			children = (
				49E608CC25C1C97D002F442B /* Satellite.swift */,
				49FA6D1F25C205F900DC2BA2 /* SatelliteDetailView.swift */,
				49E608F425C23269002F442B /* SatelliteDetailState.swift */,
				49595ACA25C342D500351445 /* SatelliteDetailAction.swift */,
			);
			path = SatelliteDetail;
			sourceTree = "<group>";
		};
/* End PBXGroup section */

/* Begin PBXNativeTarget section */
		49E6088C25C1C8F9002F442B /* Satellite */ = {
			isa = PBXNativeTarget;
			buildConfigurationList = 49E608B225C1C8FA002F442B /* Build configuration list for PBXNativeTarget "Satellite" */;
			buildPhases = (
				49E6088925C1C8F9002F442B /* Sources */,
				49EA524625C1EF4C0060808B /* ShellScript */,
				49E6088A25C1C8F9002F442B /* Frameworks */,
				49E6088B25C1C8F9002F442B /* Resources */,
			);
			buildRules = (
			);
			dependencies = (
			);
			name = Satellite;
			packageProductDependencies = (
				49595AB725C340C400351445 /* ComposableArchitecture */,
				4920ABAB2624E4090058C133 /* ReSwift */,
				4920ABB12624E44A0058C133 /* ReSwiftThunk */,
			);
			productName = Satellite;
			productReference = 49E6088D25C1C8F9002F442B /* Satellite.app */;
			productType = "com.apple.product-type.application";
		};
		49E6089D25C1C8FA002F442B /* SatelliteTests */ = {
			isa = PBXNativeTarget;
			buildConfigurationList = 49E608B525C1C8FA002F442B /* Build configuration list for PBXNativeTarget "SatelliteTests" */;
			buildPhases = (
				49E6089A25C1C8FA002F442B /* Sources */,
				49E6089B25C1C8FA002F442B /* Frameworks */,
				49E6089C25C1C8FA002F442B /* Resources */,
			);
			buildRules = (
			);
			dependencies = (
				49E608A025C1C8FA002F442B /* PBXTargetDependency */,
			);
			name = SatelliteTests;
			productName = SatelliteTests;
			productReference = 49E6089E25C1C8FA002F442B /* SatelliteTests.xctest */;
			productType = "com.apple.product-type.bundle.unit-test";
		};
		49E608A825C1C8FA002F442B /* SatelliteUITests */ = {
			isa = PBXNativeTarget;
			buildConfigurationList = 49E608B825C1C8FA002F442B /* Build configuration list for PBXNativeTarget "SatelliteUITests" */;
			buildPhases = (
				49E608A525C1C8FA002F442B /* Sources */,
				49E608A625C1C8FA002F442B /* Frameworks */,
				49E608A725C1C8FA002F442B /* Resources */,
			);
			buildRules = (
			);
			dependencies = (
				49E608AB25C1C8FA002F442B /* PBXTargetDependency */,
			);
			name = SatelliteUITests;
			productName = SatelliteUITests;
			productReference = 49E608A925C1C8FA002F442B /* SatelliteUITests.xctest */;
			productType = "com.apple.product-type.bundle.ui-testing";
		};
/* End PBXNativeTarget section */

/* Begin PBXProject section */
		49E6088525C1C8F9002F442B /* Project object */ = {
			isa = PBXProject;
			attributes = {
				LastSwiftUpdateCheck = 1230;
				LastUpgradeCheck = 1230;
				TargetAttributes = {
					49E6088C25C1C8F9002F442B = {
						CreatedOnToolsVersion = 12.3;
					};
					49E6089D25C1C8FA002F442B = {
						CreatedOnToolsVersion = 12.3;
						TestTargetID = 49E6088C25C1C8F9002F442B;
					};
					49E608A825C1C8FA002F442B = {
						CreatedOnToolsVersion = 12.3;
						TestTargetID = 49E6088C25C1C8F9002F442B;
					};
				};
			};
			buildConfigurationList = 49E6088825C1C8F9002F442B /* Build configuration list for PBXProject "Satellite" */;
			compatibilityVersion = "Xcode 9.3";
			developmentRegion = en;
			hasScannedForEncodings = 0;
			knownRegions = (
				en,
				Base,
			);
			mainGroup = 49E6088425C1C8F9002F442B;
			packageReferences = (
				49595AB625C340C400351445 /* XCRemoteSwiftPackageReference "swift-composable-architecture" */,
				4920ABAA2624E4090058C133 /* XCRemoteSwiftPackageReference "ReSwift" */,
				4920ABB02624E44A0058C133 /* XCRemoteSwiftPackageReference "ReSwift-Thunk" */,
			);
			productRefGroup = 49E6088E25C1C8F9002F442B /* Products */;
			projectDirPath = "";
			projectRoot = "";
			targets = (
				49E6088C25C1C8F9002F442B /* Satellite */,
				49E6089D25C1C8FA002F442B /* SatelliteTests */,
				49E608A825C1C8FA002F442B /* SatelliteUITests */,
			);
		};
/* End PBXProject section */

/* Begin PBXResourcesBuildPhase section */
		49E6088B25C1C8F9002F442B /* Resources */ = {
			isa = PBXResourcesBuildPhase;
			buildActionMask = 2147483647;
			files = (
				49E6089825C1C8FA002F442B /* Preview Assets.xcassets in Resources */,
				49E6089525C1C8FA002F442B /* Assets.xcassets in Resources */,
			);
			runOnlyForDeploymentPostprocessing = 0;
		};
		49E6089C25C1C8FA002F442B /* Resources */ = {
			isa = PBXResourcesBuildPhase;
			buildActionMask = 2147483647;
			files = (
			);
			runOnlyForDeploymentPostprocessing = 0;
		};
		49E608A725C1C8FA002F442B /* Resources */ = {
			isa = PBXResourcesBuildPhase;
			buildActionMask = 2147483647;
			files = (
			);
			runOnlyForDeploymentPostprocessing = 0;
		};
/* End PBXResourcesBuildPhase section */

/* Begin PBXShellScriptBuildPhase section */
		49EA524625C1EF4C0060808B /* ShellScript */ = {
			isa = PBXShellScriptBuildPhase;
			buildActionMask = 2147483647;
			files = (
			);
			inputFileListPaths = (
			);
			inputPaths = (
			);
			outputFileListPaths = (
			);
			outputPaths = (
			);
			runOnlyForDeploymentPostprocessing = 0;
			shellPath = /bin/sh;
			shellScript = "if which swiftlint >/dev/null; then\n  swiftlint autocorrect && swiftlint\nelse\n  echo \"warning: SwiftLint not installed, download from https://github.com/realm/SwiftLint\"\nfi\n";
		};
/* End PBXShellScriptBuildPhase section */

/* Begin PBXSourcesBuildPhase section */
		49E6088925C1C8F9002F442B /* Sources */ = {
			isa = PBXSourcesBuildPhase;
			buildActionMask = 2147483647;
			files = (
				49E608CD25C1C97D002F442B /* Satellite.swift in Sources */,
				49FA6D2525C2074B00DC2BA2 /* APIServiceState.swift in Sources */,
				49E608C025C1C92E002F442B /* TwoLineElementSet.swift in Sources */,
				49E608F525C23269002F442B /* SatelliteDetailState.swift in Sources */,
				49595AC325C3428600351445 /* SatelliteListAction.swift in Sources */,
				49595AD825C3441E00351445 /* APIServiceReducer.swift in Sources */,
				49595AED25C358D500351445 /* AppReducer.swift in Sources */,
				49FA6D0C25C2029E00DC2BA2 /* AppView.swift in Sources */,
				49E608C825C1C94B002F442B /* APIService.swift in Sources */,
				49E608EB25C22DCA002F442B /* APIServiceAction.swift in Sources */,
				49595B1425C3866600351445 /* StarProvider.swift in Sources */,
				49595B0E25C37A6400351445 /* BackgroundView.swift in Sources */,
				49595AE525C3489200351445 /* ViewPhase.swift in Sources */,
				49595AF725C3633000351445 /* ViewOrchestratorReducer.swift in Sources */,
				49E6089125C1C8F9002F442B /* SatelliteApp.swift in Sources */,
				49E608F025C23054002F442B /* SatelliteListState.swift in Sources */,
				4920ABC22624FB760058C133 /* ViewStore.swift in Sources */,
				4920ABBA2624F1B70058C133 /* Publisher+mapToResult.swift in Sources */,
				49595ACB25C342D500351445 /* SatelliteDetailAction.swift in Sources */,
				49595AD325C3434E00351445 /* SatelliteListReducer.swift in Sources */,
				49595B1C25C3A45100351445 /* Earth.swift in Sources */,
				49595AA425C3250400351445 /* ViewOrchestrator.swift in Sources */,
				49FA6D0225C201A000DC2BA2 /* AppState.swift in Sources */,
				49FA6D0725C2022C00DC2BA2 /* AppAction.swift in Sources */,
				49595AE025C3481500351445 /* ViewOrchestratorAction.swift in Sources */,
				49595B2C25C3C64E00351445 /* ColorBlended.swift in Sources */,
				49FA6D1425C202EF00DC2BA2 /* SatelliteListView.swift in Sources */,
				49595A8E25C31DEB00351445 /* ViewOrchestratorState.swift in Sources */,
				49FA6D2025C205F900DC2BA2 /* SatelliteDetailView.swift in Sources */,
				49FA6CF425C1F44A00DC2BA2 /* APIServiceClient.swift in Sources */,
				49FA6CEF25C1F40D00DC2BA2 /* AppEnvironment.swift in Sources */,
			);
			runOnlyForDeploymentPostprocessing = 0;
		};
		49E6089A25C1C8FA002F442B /* Sources */ = {
			isa = PBXSourcesBuildPhase;
			buildActionMask = 2147483647;
			files = (
				49FA6CE625C1F37300DC2BA2 /* APIServiceTests.swift in Sources */,
				49E608A325C1C8FA002F442B /* SatelliteTests.swift in Sources */,
			);
			runOnlyForDeploymentPostprocessing = 0;
		};
		49E608A525C1C8FA002F442B /* Sources */ = {
			isa = PBXSourcesBuildPhase;
			buildActionMask = 2147483647;
			files = (
				49E608AE25C1C8FA002F442B /* SatelliteUITests.swift in Sources */,
			);
			runOnlyForDeploymentPostprocessing = 0;
		};
/* End PBXSourcesBuildPhase section */

/* Begin PBXTargetDependency section */
		49E608A025C1C8FA002F442B /* PBXTargetDependency */ = {
			isa = PBXTargetDependency;
			target = 49E6088C25C1C8F9002F442B /* Satellite */;
			targetProxy = 49E6089F25C1C8FA002F442B /* PBXContainerItemProxy */;
		};
		49E608AB25C1C8FA002F442B /* PBXTargetDependency */ = {
			isa = PBXTargetDependency;
			target = 49E6088C25C1C8F9002F442B /* Satellite */;
			targetProxy = 49E608AA25C1C8FA002F442B /* PBXContainerItemProxy */;
		};
/* End PBXTargetDependency section */

/* Begin XCBuildConfiguration section */
		49E608B025C1C8FA002F442B /* Debug */ = {
			isa = XCBuildConfiguration;
			buildSettings = {
				ALWAYS_SEARCH_USER_PATHS = NO;
				CLANG_ANALYZER_NONNULL = YES;
				CLANG_ANALYZER_NUMBER_OBJECT_CONVERSION = YES_AGGRESSIVE;
				CLANG_CXX_LANGUAGE_STANDARD = "gnu++14";
				CLANG_CXX_LIBRARY = "libc++";
				CLANG_ENABLE_MODULES = YES;
				CLANG_ENABLE_OBJC_ARC = YES;
				CLANG_ENABLE_OBJC_WEAK = YES;
				CLANG_WARN_BLOCK_CAPTURE_AUTORELEASING = YES;
				CLANG_WARN_BOOL_CONVERSION = YES;
				CLANG_WARN_COMMA = YES;
				CLANG_WARN_CONSTANT_CONVERSION = YES;
				CLANG_WARN_DEPRECATED_OBJC_IMPLEMENTATIONS = YES;
				CLANG_WARN_DIRECT_OBJC_ISA_USAGE = YES_ERROR;
				CLANG_WARN_DOCUMENTATION_COMMENTS = YES;
				CLANG_WARN_EMPTY_BODY = YES;
				CLANG_WARN_ENUM_CONVERSION = YES;
				CLANG_WARN_INFINITE_RECURSION = YES;
				CLANG_WARN_INT_CONVERSION = YES;
				CLANG_WARN_NON_LITERAL_NULL_CONVERSION = YES;
				CLANG_WARN_OBJC_IMPLICIT_RETAIN_SELF = YES;
				CLANG_WARN_OBJC_LITERAL_CONVERSION = YES;
				CLANG_WARN_OBJC_ROOT_CLASS = YES_ERROR;
				CLANG_WARN_QUOTED_INCLUDE_IN_FRAMEWORK_HEADER = YES;
				CLANG_WARN_RANGE_LOOP_ANALYSIS = YES;
				CLANG_WARN_STRICT_PROTOTYPES = YES;
				CLANG_WARN_SUSPICIOUS_MOVE = YES;
				CLANG_WARN_UNGUARDED_AVAILABILITY = YES_AGGRESSIVE;
				CLANG_WARN_UNREACHABLE_CODE = YES;
				CLANG_WARN__DUPLICATE_METHOD_MATCH = YES;
				COPY_PHASE_STRIP = NO;
				DEBUG_INFORMATION_FORMAT = dwarf;
				ENABLE_STRICT_OBJC_MSGSEND = YES;
				ENABLE_TESTABILITY = YES;
				GCC_C_LANGUAGE_STANDARD = gnu11;
				GCC_DYNAMIC_NO_PIC = NO;
				GCC_NO_COMMON_BLOCKS = YES;
				GCC_OPTIMIZATION_LEVEL = 0;
				GCC_PREPROCESSOR_DEFINITIONS = (
					"DEBUG=1",
					"$(inherited)",
				);
				GCC_WARN_64_TO_32_BIT_CONVERSION = YES;
				GCC_WARN_ABOUT_RETURN_TYPE = YES_ERROR;
				GCC_WARN_UNDECLARED_SELECTOR = YES;
				GCC_WARN_UNINITIALIZED_AUTOS = YES_AGGRESSIVE;
				GCC_WARN_UNUSED_FUNCTION = YES;
				GCC_WARN_UNUSED_VARIABLE = YES;
				IPHONEOS_DEPLOYMENT_TARGET = 14.3;
				MTL_ENABLE_DEBUG_INFO = INCLUDE_SOURCE;
				MTL_FAST_MATH = YES;
				ONLY_ACTIVE_ARCH = YES;
				SDKROOT = iphoneos;
				SWIFT_ACTIVE_COMPILATION_CONDITIONS = DEBUG;
				SWIFT_OPTIMIZATION_LEVEL = "-Onone";
			};
			name = Debug;
		};
		49E608B125C1C8FA002F442B /* Release */ = {
			isa = XCBuildConfiguration;
			buildSettings = {
				ALWAYS_SEARCH_USER_PATHS = NO;
				CLANG_ANALYZER_NONNULL = YES;
				CLANG_ANALYZER_NUMBER_OBJECT_CONVERSION = YES_AGGRESSIVE;
				CLANG_CXX_LANGUAGE_STANDARD = "gnu++14";
				CLANG_CXX_LIBRARY = "libc++";
				CLANG_ENABLE_MODULES = YES;
				CLANG_ENABLE_OBJC_ARC = YES;
				CLANG_ENABLE_OBJC_WEAK = YES;
				CLANG_WARN_BLOCK_CAPTURE_AUTORELEASING = YES;
				CLANG_WARN_BOOL_CONVERSION = YES;
				CLANG_WARN_COMMA = YES;
				CLANG_WARN_CONSTANT_CONVERSION = YES;
				CLANG_WARN_DEPRECATED_OBJC_IMPLEMENTATIONS = YES;
				CLANG_WARN_DIRECT_OBJC_ISA_USAGE = YES_ERROR;
				CLANG_WARN_DOCUMENTATION_COMMENTS = YES;
				CLANG_WARN_EMPTY_BODY = YES;
				CLANG_WARN_ENUM_CONVERSION = YES;
				CLANG_WARN_INFINITE_RECURSION = YES;
				CLANG_WARN_INT_CONVERSION = YES;
				CLANG_WARN_NON_LITERAL_NULL_CONVERSION = YES;
				CLANG_WARN_OBJC_IMPLICIT_RETAIN_SELF = YES;
				CLANG_WARN_OBJC_LITERAL_CONVERSION = YES;
				CLANG_WARN_OBJC_ROOT_CLASS = YES_ERROR;
				CLANG_WARN_QUOTED_INCLUDE_IN_FRAMEWORK_HEADER = YES;
				CLANG_WARN_RANGE_LOOP_ANALYSIS = YES;
				CLANG_WARN_STRICT_PROTOTYPES = YES;
				CLANG_WARN_SUSPICIOUS_MOVE = YES;
				CLANG_WARN_UNGUARDED_AVAILABILITY = YES_AGGRESSIVE;
				CLANG_WARN_UNREACHABLE_CODE = YES;
				CLANG_WARN__DUPLICATE_METHOD_MATCH = YES;
				COPY_PHASE_STRIP = NO;
				DEBUG_INFORMATION_FORMAT = "dwarf-with-dsym";
				ENABLE_NS_ASSERTIONS = NO;
				ENABLE_STRICT_OBJC_MSGSEND = YES;
				GCC_C_LANGUAGE_STANDARD = gnu11;
				GCC_NO_COMMON_BLOCKS = YES;
				GCC_WARN_64_TO_32_BIT_CONVERSION = YES;
				GCC_WARN_ABOUT_RETURN_TYPE = YES_ERROR;
				GCC_WARN_UNDECLARED_SELECTOR = YES;
				GCC_WARN_UNINITIALIZED_AUTOS = YES_AGGRESSIVE;
				GCC_WARN_UNUSED_FUNCTION = YES;
				GCC_WARN_UNUSED_VARIABLE = YES;
				IPHONEOS_DEPLOYMENT_TARGET = 14.3;
				MTL_ENABLE_DEBUG_INFO = NO;
				MTL_FAST_MATH = YES;
				SDKROOT = iphoneos;
				SWIFT_COMPILATION_MODE = wholemodule;
				SWIFT_OPTIMIZATION_LEVEL = "-O";
				VALIDATE_PRODUCT = YES;
			};
			name = Release;
		};
		49E608B325C1C8FA002F442B /* Debug */ = {
			isa = XCBuildConfiguration;
			buildSettings = {
				ASSETCATALOG_COMPILER_APPICON_NAME = AppIcon;
				ASSETCATALOG_COMPILER_GLOBAL_ACCENT_COLOR_NAME = AccentColor;
				CODE_SIGN_STYLE = Automatic;
				DEVELOPMENT_ASSET_PATHS = "\"Satellite/Preview Content\"";
				DEVELOPMENT_TEAM = XH7465K9GM;
				ENABLE_PREVIEWS = YES;
				INFOPLIST_FILE = Satellite/Info.plist;
				IPHONEOS_DEPLOYMENT_TARGET = 14.0;
				LD_RUNPATH_SEARCH_PATHS = (
					"$(inherited)",
					"@executable_path/Frameworks",
				);
				PRODUCT_BUNDLE_IDENTIFIER = com.roanwell.Satellite;
				PRODUCT_NAME = "$(TARGET_NAME)";
				SWIFT_VERSION = 5.0;
				TARGETED_DEVICE_FAMILY = "1,2";
			};
			name = Debug;
		};
		49E608B425C1C8FA002F442B /* Release */ = {
			isa = XCBuildConfiguration;
			buildSettings = {
				ASSETCATALOG_COMPILER_APPICON_NAME = AppIcon;
				ASSETCATALOG_COMPILER_GLOBAL_ACCENT_COLOR_NAME = AccentColor;
				CODE_SIGN_STYLE = Automatic;
				DEVELOPMENT_ASSET_PATHS = "\"Satellite/Preview Content\"";
				DEVELOPMENT_TEAM = XH7465K9GM;
				ENABLE_PREVIEWS = YES;
				INFOPLIST_FILE = Satellite/Info.plist;
				IPHONEOS_DEPLOYMENT_TARGET = 14.0;
				LD_RUNPATH_SEARCH_PATHS = (
					"$(inherited)",
					"@executable_path/Frameworks",
				);
				PRODUCT_BUNDLE_IDENTIFIER = com.roanwell.Satellite;
				PRODUCT_NAME = "$(TARGET_NAME)";
				SWIFT_VERSION = 5.0;
				TARGETED_DEVICE_FAMILY = "1,2";
			};
			name = Release;
		};
		49E608B625C1C8FA002F442B /* Debug */ = {
			isa = XCBuildConfiguration;
			buildSettings = {
				ALWAYS_EMBED_SWIFT_STANDARD_LIBRARIES = YES;
				BUNDLE_LOADER = "$(TEST_HOST)";
				CODE_SIGN_STYLE = Automatic;
				DEVELOPMENT_TEAM = XH7465K9GM;
				INFOPLIST_FILE = SatelliteTests/Info.plist;
				IPHONEOS_DEPLOYMENT_TARGET = 14.0;
				LD_RUNPATH_SEARCH_PATHS = (
					"$(inherited)",
					"@executable_path/Frameworks",
					"@loader_path/Frameworks",
				);
				PRODUCT_BUNDLE_IDENTIFIER = com.roanwell.SatelliteTests;
				PRODUCT_NAME = "$(TARGET_NAME)";
				SWIFT_VERSION = 5.0;
				TARGETED_DEVICE_FAMILY = "1,2";
				TEST_HOST = "$(BUILT_PRODUCTS_DIR)/Satellite.app/Satellite";
			};
			name = Debug;
		};
		49E608B725C1C8FA002F442B /* Release */ = {
			isa = XCBuildConfiguration;
			buildSettings = {
				ALWAYS_EMBED_SWIFT_STANDARD_LIBRARIES = YES;
				BUNDLE_LOADER = "$(TEST_HOST)";
				CODE_SIGN_STYLE = Automatic;
				DEVELOPMENT_TEAM = XH7465K9GM;
				INFOPLIST_FILE = SatelliteTests/Info.plist;
				IPHONEOS_DEPLOYMENT_TARGET = 14.0;
				LD_RUNPATH_SEARCH_PATHS = (
					"$(inherited)",
					"@executable_path/Frameworks",
					"@loader_path/Frameworks",
				);
				PRODUCT_BUNDLE_IDENTIFIER = com.roanwell.SatelliteTests;
				PRODUCT_NAME = "$(TARGET_NAME)";
				SWIFT_VERSION = 5.0;
				TARGETED_DEVICE_FAMILY = "1,2";
				TEST_HOST = "$(BUILT_PRODUCTS_DIR)/Satellite.app/Satellite";
			};
			name = Release;
		};
		49E608B925C1C8FA002F442B /* Debug */ = {
			isa = XCBuildConfiguration;
			buildSettings = {
				ALWAYS_EMBED_SWIFT_STANDARD_LIBRARIES = YES;
				CODE_SIGN_STYLE = Automatic;
				DEVELOPMENT_TEAM = XH7465K9GM;
				INFOPLIST_FILE = SatelliteUITests/Info.plist;
				LD_RUNPATH_SEARCH_PATHS = (
					"$(inherited)",
					"@executable_path/Frameworks",
					"@loader_path/Frameworks",
				);
				PRODUCT_BUNDLE_IDENTIFIER = com.roanwell.SatelliteUITests;
				PRODUCT_NAME = "$(TARGET_NAME)";
				SWIFT_VERSION = 5.0;
				TARGETED_DEVICE_FAMILY = "1,2";
				TEST_TARGET_NAME = Satellite;
			};
			name = Debug;
		};
		49E608BA25C1C8FA002F442B /* Release */ = {
			isa = XCBuildConfiguration;
			buildSettings = {
				ALWAYS_EMBED_SWIFT_STANDARD_LIBRARIES = YES;
				CODE_SIGN_STYLE = Automatic;
				DEVELOPMENT_TEAM = XH7465K9GM;
				INFOPLIST_FILE = SatelliteUITests/Info.plist;
				LD_RUNPATH_SEARCH_PATHS = (
					"$(inherited)",
					"@executable_path/Frameworks",
					"@loader_path/Frameworks",
				);
				PRODUCT_BUNDLE_IDENTIFIER = com.roanwell.SatelliteUITests;
				PRODUCT_NAME = "$(TARGET_NAME)";
				SWIFT_VERSION = 5.0;
				TARGETED_DEVICE_FAMILY = "1,2";
				TEST_TARGET_NAME = Satellite;
			};
			name = Release;
		};
/* End XCBuildConfiguration section */

/* Begin XCConfigurationList section */
		49E6088825C1C8F9002F442B /* Build configuration list for PBXProject "Satellite" */ = {
			isa = XCConfigurationList;
			buildConfigurations = (
				49E608B025C1C8FA002F442B /* Debug */,
				49E608B125C1C8FA002F442B /* Release */,
			);
			defaultConfigurationIsVisible = 0;
			defaultConfigurationName = Release;
		};
		49E608B225C1C8FA002F442B /* Build configuration list for PBXNativeTarget "Satellite" */ = {
			isa = XCConfigurationList;
			buildConfigurations = (
				49E608B325C1C8FA002F442B /* Debug */,
				49E608B425C1C8FA002F442B /* Release */,
			);
			defaultConfigurationIsVisible = 0;
			defaultConfigurationName = Release;
		};
		49E608B525C1C8FA002F442B /* Build configuration list for PBXNativeTarget "SatelliteTests" */ = {
			isa = XCConfigurationList;
			buildConfigurations = (
				49E608B625C1C8FA002F442B /* Debug */,
				49E608B725C1C8FA002F442B /* Release */,
			);
			defaultConfigurationIsVisible = 0;
			defaultConfigurationName = Release;
		};
		49E608B825C1C8FA002F442B /* Build configuration list for PBXNativeTarget "SatelliteUITests" */ = {
			isa = XCConfigurationList;
			buildConfigurations = (
				49E608B925C1C8FA002F442B /* Debug */,
				49E608BA25C1C8FA002F442B /* Release */,
			);
			defaultConfigurationIsVisible = 0;
			defaultConfigurationName = Release;
		};
/* End XCConfigurationList section */

/* Begin XCRemoteSwiftPackageReference section */
		4920ABAA2624E4090058C133 /* XCRemoteSwiftPackageReference "ReSwift" */ = {
			isa = XCRemoteSwiftPackageReference;
			repositoryURL = "https://github.com/ReSwift/ReSwift.git";
			requirement = {
				kind = upToNextMajorVersion;
				minimumVersion = 6.0.0;
			};
		};
		4920ABB02624E44A0058C133 /* XCRemoteSwiftPackageReference "ReSwift-Thunk" */ = {
			isa = XCRemoteSwiftPackageReference;
			repositoryURL = "https://github.com/ReSwift/ReSwift-Thunk.git";
			requirement = {
				kind = upToNextMajorVersion;
				minimumVersion = 2.0.1;
			};
		};
		49595AB625C340C400351445 /* XCRemoteSwiftPackageReference "swift-composable-architecture" */ = {
			isa = XCRemoteSwiftPackageReference;
			repositoryURL = "https://github.com/pointfreeco/swift-composable-architecture";
			requirement = {
				kind = upToNextMajorVersion;
				minimumVersion = 0.11.0;
			};
		};
/* End XCRemoteSwiftPackageReference section */

/* Begin XCSwiftPackageProductDependency section */
		4920ABAB2624E4090058C133 /* ReSwift */ = {
			isa = XCSwiftPackageProductDependency;
			package = 4920ABAA2624E4090058C133 /* XCRemoteSwiftPackageReference "ReSwift" */;
			productName = ReSwift;
		};
		4920ABB12624E44A0058C133 /* ReSwiftThunk */ = {
			isa = XCSwiftPackageProductDependency;
			package = 4920ABB02624E44A0058C133 /* XCRemoteSwiftPackageReference "ReSwift-Thunk" */;
			productName = ReSwiftThunk;
		};
		49595AB725C340C400351445 /* ComposableArchitecture */ = {
			isa = XCSwiftPackageProductDependency;
			package = 49595AB625C340C400351445 /* XCRemoteSwiftPackageReference "swift-composable-architecture" */;
			productName = ComposableArchitecture;
		};
/* End XCSwiftPackageProductDependency section */
	};
	rootObject = 49E6088525C1C8F9002F442B /* Project object */;
}
